
Microsoft Visual Studio Solution File, Format Version 12.00
# Visual Studio 15
VisualStudioVersion = 15.0.26730.15
MinimumVisualStudioVersion = 10.0.40219.1
Project("{FAE04EC0-301F-11D3-BF4B-00C04F79EFBC}") = "EmployeeService", "EmployeeService\EmployeeService.csproj", "{D1E39F34-39A3-4D02-B6A9-7C22AC877088}"
EndProject
Project("{FAE04EC0-301F-11D3-BF4B-00C04F79EFBC}") = "EmployeeDataAccess", "EmployeeDataAccess\EmployeeDataAccess.csproj", "{2C1DEDE1-1A89-4E9F-804D-869EA5C41871}"
EndProject
Global
	GlobalSection(SolutionConfigurationPlatforms) = preSolution
		Debug|Any CPU = Debug|Any CPU
		Release|Any CPU = Release|Any CPU
	EndGlobalSection
	GlobalSection(ProjectConfigurationPlatforms) = postSolution
		{D1E39F34-39A3-4D02-B6A9-7C22AC877088}.Debug|Any CPU.ActiveCfg = Debug|Any CPU
		{D1E39F34-39A3-4D02-B6A9-7C22AC877088}.Debug|Any CPU.Build.0 = Debug|Any CPU
		{D1E39F34-39A3-4D02-B6A9-7C22AC877088}.Release|Any CPU.ActiveCfg = Release|Any CPU
		{D1E39F34-39A3-4D02-B6A9-7C22AC877088}.Release|Any CPU.Build.0 = Release|Any CPU
		{2C1DEDE1-1A89-4E9F-804D-869EA5C41871}.Debug|Any CPU.ActiveCfg = Debug|Any CPU
		{2C1DEDE1-1A89-4E9F-804D-869EA5C41871}.Debug|Any CPU.Build.0 = Debug|Any CPU
		{2C1DEDE1-1A89-4E9F-804D-869EA5C41871}.Release|Any CPU.ActiveCfg = Release|Any CPU
		{2C1DEDE1-1A89-4E9F-804D-869EA5C41871}.Release|Any CPU.Build.0 = Release|Any CPU
	EndGlobalSection
	GlobalSection(SolutionProperties) = preSolution
		HideSolutionNode = FALSE
	EndGlobalSection
	GlobalSection(ExtensibilityGlobals) = postSolution
		SolutionGuid = {5D973025-0659-4C3C-92D9-C1E5ABA2935F}
	EndGlobalSection
EndGlobal
